
Microsoft Visual Studio Solution File, Format Version 12.00
# Visual Studio Version 16
VisualStudioVersion = 16.0.31005.135
MinimumVisualStudioVersion = 10.0.40219.1
Project("{FAE04EC0-301F-11D3-BF4B-00C04F79EFBC}") = "16", "16\16.csproj", "{A1F8C429-8303-44D6-AE58-FE8DDD9481CD}"
EndProject
Global
	GlobalSection(SolutionConfigurationPlatforms) = preSolution
		Debug|Any CPU = Debug|Any CPU
		Release|Any CPU = Release|Any CPU
	EndGlobalSection
	GlobalSection(ProjectConfigurationPlatforms) = postSolution
		{A1F8C429-8303-44D6-AE58-FE8DDD9481CD}.Debug|Any CPU.ActiveCfg = Debug|Any CPU
		{A1F8C429-8303-44D6-AE58-FE8DDD9481CD}.Debug|Any CPU.Build.0 = Debug|Any CPU
		{A1F8C429-8303-44D6-AE58-FE8DDD9481CD}.Release|Any CPU.ActiveCfg = Release|Any CPU
		{A1F8C429-8303-44D6-AE58-FE8DDD9481CD}.Release|Any CPU.Build.0 = Release|Any CPU
	EndGlobalSection
	GlobalSection(SolutionProperties) = preSolution
		HideSolutionNode = FALSE
	EndGlobalSection
	GlobalSection(ExtensibilityGlobals) = postSolution
		SolutionGuid = {386818FA-CE77-4DE7-BD91-D687B849DDDB}
	EndGlobalSection
EndGlobal
